
Microsoft Visual Studio Solution File, Format Version 12.00
# Visual Studio Version 17
VisualStudioVersion = 17.5.33424.131
MinimumVisualStudioVersion = 10.0.40219.1
Project("{8BC9CEB8-8B4A-11D0-8D11-00A0C91BC942}") = "IB-Tracker", "IB-Tracker.vcxproj", "{03741994-E562-4D2D-AE15-F90431B9ABCD}"
EndProject
Global
	GlobalSection(SolutionConfigurationPlatforms) = preSolution
		Debug|x64 = Debug|x64
		Debug|x86 = Debug|x86
		Release|x64 = Release|x64
		Release|x86 = Release|x86
	EndGlobalSection
	GlobalSection(ProjectConfigurationPlatforms) = postSolution
		{03741994-E562-4D2D-AE15-F90431B9ABCD}.Debug|x64.ActiveCfg = Debug|x64
		{03741994-E562-4D2D-AE15-F90431B9ABCD}.Debug|x64.Build.0 = Debug|x64
		{03741994-E562-4D2D-AE15-F90431B9ABCD}.Debug|x86.ActiveCfg = Debug|Win32
		{03741994-E562-4D2D-AE15-F90431B9ABCD}.Debug|x86.Build.0 = Debug|Win32
		{03741994-E562-4D2D-AE15-F90431B9ABCD}.Release|x64.ActiveCfg = Release|x64
		{03741994-E562-4D2D-AE15-F90431B9ABCD}.Release|x64.Build.0 = Release|x64
		{03741994-E562-4D2D-AE15-F90431B9ABCD}.Release|x86.ActiveCfg = Release|Win32
		{03741994-E562-4D2D-AE15-F90431B9ABCD}.Release|x86.Build.0 = Release|Win32
	EndGlobalSection
	GlobalSection(SolutionProperties) = preSolution
		HideSolutionNode = FALSE
	EndGlobalSection
	GlobalSection(ExtensibilityGlobals) = postSolution
		SolutionGuid = {267B34F4-54BF-4F86-8E0F-46AAB58A24F6}
	EndGlobalSection
EndGlobal
