<?xml version="1.0" encoding="utf-8"?>
<Project ToolsVersion="4.0" xmlns="http://schemas.microsoft.com/developer/msbuild/2003">
  <ItemGroup>
    <Filter Include="Source Files">
      <UniqueIdentifier>{4FC737F1-C7A5-4376-A066-2A32D752A2FF}</UniqueIdentifier>
      <Extensions>cpp;c;cc;cxx;def;odl;idl;hpj;bat;asm;asmx</Extensions>
    </Filter>
    <Filter Include="Header Files">
      <UniqueIdentifier>{93995380-89BD-4b04-88EB-625FBE52EBFB}</UniqueIdentifier>
      <Extensions>h;hh;hpp;hxx;hm;inl;inc;xsd</Extensions>
    </Filter>
    <Filter Include="Resource Files">
      <UniqueIdentifier>{67DA6AB6-F800-4c08-8B7A-83BB121AAD01}</UniqueIdentifier>
      <Extensions>rc;ico;cur;bmp;dlg;rc2;rct;bin;rgs;gif;jpg;jpeg;jpe;resx;tiff;tif;png;wav</Extensions>
    </Filter>
  </ItemGroup>
  <ItemGroup>
    <ClCompile Include="src\tws_gui\CWindow.cpp">
      <Filter>Source Files</Filter>
    </ClCompile>
    <ClCompile Include="src\tws_gui\ib-tracker.cpp">
      <Filter>Source Files</Filter>
    </ClCompile>
    <ClCompile Include="src\tws-api\ContractCondition.cpp">
      <Filter>Source Files</Filter>
    </ClCompile>
    <ClCompile Include="src\tws-api\DefaultEWrapper.cpp">
      <Filter>Source Files</Filter>
    </ClCompile>
    <ClCompile Include="src\tws-api\EClient.cpp">
      <Filter>Source Files</Filter>
    </ClCompile>
    <ClCompile Include="src\tws-api\EClientSocket.cpp">
      <Filter>Source Files</Filter>
    </ClCompile>
    <ClCompile Include="src\tws-api\EDecoder.cpp">
      <Filter>Source Files</Filter>
    </ClCompile>
    <ClCompile Include="src\tws-api\EMessage.cpp">
      <Filter>Source Files</Filter>
    </ClCompile>
    <ClCompile Include="src\tws-api\EMutex.cpp">
      <Filter>Source Files</Filter>
    </ClCompile>
    <ClCompile Include="src\tws-api\EOrderDecoder.cpp">
      <Filter>Source Files</Filter>
    </ClCompile>
    <ClCompile Include="src\tws-api\EReader.cpp">
      <Filter>Source Files</Filter>
    </ClCompile>
    <ClCompile Include="src\tws-api\EReaderOSSignal.cpp">
      <Filter>Source Files</Filter>
    </ClCompile>
    <ClCompile Include="src\tws-api\ESocket.cpp">
      <Filter>Source Files</Filter>
    </ClCompile>
    <ClCompile Include="src\tws-api\executioncondition.cpp">
      <Filter>Source Files</Filter>
    </ClCompile>
    <ClCompile Include="src\tws-api\MarginCondition.cpp">
      <Filter>Source Files</Filter>
    </ClCompile>
    <ClCompile Include="src\tws-api\OperatorCondition.cpp">
      <Filter>Source Files</Filter>
    </ClCompile>
    <ClCompile Include="src\tws-api\OrderCondition.cpp">
      <Filter>Source Files</Filter>
    </ClCompile>
    <ClCompile Include="src\tws_gui\pch.cpp">
      <Filter>Source Files</Filter>
    </ClCompile>
    <ClCompile Include="src\tws-api\PercentChangeCondition.cpp">
      <Filter>Source Files</Filter>
    </ClCompile>
    <ClCompile Include="src\tws-api\PriceCondition.cpp">
      <Filter>Source Files</Filter>
    </ClCompile>
    <ClCompile Include="src\tws-api\SoftDollarTier.cpp">
      <Filter>Source Files</Filter>
    </ClCompile>
    <ClCompile Include="src\tws-api\TimeCondition.cpp">
      <Filter>Source Files</Filter>
    </ClCompile>
    <ClCompile Include="src\tws-api\TwsWrapper.cpp">
      <Filter>Source Files</Filter>
    </ClCompile>
    <ClCompile Include="src\tws-api\Utils.cpp">
      <Filter>Source Files</Filter>
    </ClCompile>
    <ClCompile Include="src\tws-api\VolumeCondition.cpp">
      <Filter>Source Files</Filter>
    </ClCompile>
    <ClCompile Include="src\tws_gui\SuperLabel.cpp">
      <Filter>Source Files</Filter>
    </ClCompile>
    <ClCompile Include="src\tws_gui\NavPanel.cpp">
      <Filter>Source Files</Filter>
    </ClCompile>
    <ClCompile Include="src\tws_gui\tws-client.cpp">
      <Filter>Source Files</Filter>
    </ClCompile>
    <ClCompile Include="src\tws_gui\TradesPanel.cpp">
      <Filter>Source Files</Filter>
    </ClCompile>
    <ClCompile Include="src\tws_gui\Themes.cpp">
      <Filter>Source Files</Filter>
    </ClCompile>
    <ClCompile Include="src\tws_gui\Theme-Dark.cpp">
      <Filter>Source Files</Filter>
    </ClCompile>
    <ClCompile Include="src\tws_gui\Theme-DarkPlus.cpp">
      <Filter>Source Files</Filter>
    </ClCompile>
    <ClCompile Include="src\tws_gui\Theme-Light.cpp">
      <Filter>Source Files</Filter>
    </ClCompile>
    <ClCompile Include="src\tws_gui\Theme-Blue.cpp">
      <Filter>Source Files</Filter>
    </ClCompile>
    <ClCompile Include="src\tws_gui\HistoryPanel.cpp">
      <Filter>Source Files</Filter>
    </ClCompile>
    <ClCompile Include="src\tws_gui\trade.cpp">
      <Filter>Source Files</Filter>
    </ClCompile>
    <ClCompile Include="src\tws_gui\database.cpp">
      <Filter>Source Files</Filter>
    </ClCompile>
  </ItemGroup>
  <ItemGroup>
    <ClInclude Include="src\tws_gui\CWindow.h">
      <Filter>Header Files</Filter>
    </ClInclude>
    <ClInclude Include="src\tws-api\bar.h">
      <Filter>Header Files</Filter>
    </ClInclude>
    <ClInclude Include="src\tws-api\CommissionReport.h">
      <Filter>Header Files</Filter>
    </ClInclude>
    <ClInclude Include="src\tws-api\CommonDefs.h">
      <Filter>Header Files</Filter>
    </ClInclude>
    <ClInclude Include="src\tws-api\Contract.h">
      <Filter>Header Files</Filter>
    </ClInclude>
    <ClInclude Include="src\tws-api\ContractCondition.h">
      <Filter>Header Files</Filter>
    </ClInclude>
    <ClInclude Include="src\tws-api\Decimal.h">
      <Filter>Header Files</Filter>
    </ClInclude>
    <ClInclude Include="src\tws-api\DefaultEWrapper.h">
      <Filter>Header Files</Filter>
    </ClInclude>
    <ClInclude Include="src\tws-api\DepthMktDataDescription.h">
      <Filter>Header Files</Filter>
    </ClInclude>
    <ClInclude Include="src\tws-api\EClient.h">
      <Filter>Header Files</Filter>
    </ClInclude>
    <ClInclude Include="src\tws-api\EClientException.h">
      <Filter>Header Files</Filter>
    </ClInclude>
    <ClInclude Include="src\tws-api\EClientMsgSink.h">
      <Filter>Header Files</Filter>
    </ClInclude>
    <ClInclude Include="src\tws-api\EClientSocket.h">
      <Filter>Header Files</Filter>
    </ClInclude>
    <ClInclude Include="src\tws-api\EDecoder.h">
      <Filter>Header Files</Filter>
    </ClInclude>
    <ClInclude Include="src\tws-api\EMessage.h">
      <Filter>Header Files</Filter>
    </ClInclude>
    <ClInclude Include="src\tws-api\EMutex.h">
      <Filter>Header Files</Filter>
    </ClInclude>
    <ClInclude Include="src\tws-api\EOrderDecoder.h">
      <Filter>Header Files</Filter>
    </ClInclude>
    <ClInclude Include="src\tws-api\EPosixClientSocketPlatform.h">
      <Filter>Header Files</Filter>
    </ClInclude>
    <ClInclude Include="src\tws-api\EReader.h">
      <Filter>Header Files</Filter>
    </ClInclude>
    <ClInclude Include="src\tws-api\EReaderOSSignal.h">
      <Filter>Header Files</Filter>
    </ClInclude>
    <ClInclude Include="src\tws-api\EReaderSignal.h">
      <Filter>Header Files</Filter>
    </ClInclude>
    <ClInclude Include="src\tws-api\ESocket.h">
      <Filter>Header Files</Filter>
    </ClInclude>
    <ClInclude Include="src\tws-api\ETransport.h">
      <Filter>Header Files</Filter>
    </ClInclude>
    <ClInclude Include="src\tws-api\EWrapper.h">
      <Filter>Header Files</Filter>
    </ClInclude>
    <ClInclude Include="src\tws-api\EWrapper_prototypes.h">
      <Filter>Header Files</Filter>
    </ClInclude>
    <ClInclude Include="src\tws-api\Execution.h">
      <Filter>Header Files</Filter>
    </ClInclude>
    <ClInclude Include="src\tws-api\executioncondition.h">
      <Filter>Header Files</Filter>
    </ClInclude>
    <ClInclude Include="src\tws-api\FamilyCode.h">
      <Filter>Header Files</Filter>
    </ClInclude>
    <ClInclude Include="src\tws-api\HistogramEntry.h">
      <Filter>Header Files</Filter>
    </ClInclude>
    <ClInclude Include="src\tws-api\HistoricalSession.h">
      <Filter>Header Files</Filter>
    </ClInclude>
    <ClInclude Include="src\tws-api\HistoricalTick.h">
      <Filter>Header Files</Filter>
    </ClInclude>
    <ClInclude Include="src\tws-api\HistoricalTickBidAsk.h">
      <Filter>Header Files</Filter>
    </ClInclude>
    <ClInclude Include="src\tws-api\HistoricalTickLast.h">
      <Filter>Header Files</Filter>
    </ClInclude>
    <ClInclude Include="src\tws-api\IExternalizable.h">
      <Filter>Header Files</Filter>
    </ClInclude>
    <ClInclude Include="src\tws-api\MarginCondition.h">
      <Filter>Header Files</Filter>
    </ClInclude>
    <ClInclude Include="src\tws-api\NewsProvider.h">
      <Filter>Header Files</Filter>
    </ClInclude>
    <ClInclude Include="src\tws-api\OperatorCondition.h">
      <Filter>Header Files</Filter>
    </ClInclude>
    <ClInclude Include="src\tws-api\Order.h">
      <Filter>Header Files</Filter>
    </ClInclude>
    <ClInclude Include="src\tws-api\OrderCondition.h">
      <Filter>Header Files</Filter>
    </ClInclude>
    <ClInclude Include="src\tws-api\OrderState.h">
      <Filter>Header Files</Filter>
    </ClInclude>
    <ClInclude Include="src\tws_gui\pch.h">
      <Filter>Header Files</Filter>
    </ClInclude>
    <ClInclude Include="src\tws-api\PercentChangeCondition.h">
      <Filter>Header Files</Filter>
    </ClInclude>
    <ClInclude Include="src\tws-api\platformspecific.h">
      <Filter>Header Files</Filter>
    </ClInclude>
    <ClInclude Include="src\tws-api\PriceCondition.h">
      <Filter>Header Files</Filter>
    </ClInclude>
    <ClInclude Include="src\tws-api\PriceIncrement.h">
      <Filter>Header Files</Filter>
    </ClInclude>
    <ClInclude Include="src\tws-api\ScannerSubscription.h">
      <Filter>Header Files</Filter>
    </ClInclude>
    <ClInclude Include="src\tws-api\SoftDollarTier.h">
      <Filter>Header Files</Filter>
    </ClInclude>
    <ClInclude Include="src\tws-api\TagValue.h">
      <Filter>Header Files</Filter>
    </ClInclude>
    <ClInclude Include="src\tws-api\targetver.h">
      <Filter>Header Files</Filter>
    </ClInclude>
    <ClInclude Include="src\tws-api\TickAttrib.h">
      <Filter>Header Files</Filter>
    </ClInclude>
    <ClInclude Include="src\tws-api\TickAttribBidAsk.h">
      <Filter>Header Files</Filter>
    </ClInclude>
    <ClInclude Include="src\tws-api\TickAttribLast.h">
      <Filter>Header Files</Filter>
    </ClInclude>
    <ClInclude Include="src\tws-api\TimeCondition.h">
      <Filter>Header Files</Filter>
    </ClInclude>
    <ClInclude Include="src\tws-api\TwsSocketClientErrors.h">
      <Filter>Header Files</Filter>
    </ClInclude>
    <ClInclude Include="src\tws-api\TwsWrapper.h">
      <Filter>Header Files</Filter>
    </ClInclude>
    <ClInclude Include="src\tws-api\Utils.h">
      <Filter>Header Files</Filter>
    </ClInclude>
    <ClInclude Include="src\tws-api\VolumeCondition.h">
      <Filter>Header Files</Filter>
    </ClInclude>
    <ClInclude Include="src\tws-api\WshEventData.h">
      <Filter>Header Files</Filter>
    </ClInclude>
    <ClInclude Include="src\tws_gui\SuperLabel.h">
      <Filter>Header Files</Filter>
    </ClInclude>
    <ClInclude Include="src\tws_gui\NavPanel.h">
      <Filter>Header Files</Filter>
    </ClInclude>
    <ClInclude Include="src\tws_gui\ib-tracker.h">
      <Filter>Header Files</Filter>
    </ClInclude>
    <ClInclude Include="resource.h">
      <Filter>Header Files</Filter>
    </ClInclude>
    <ClInclude Include="src\tws_gui\tws-client.h">
      <Filter>Header Files</Filter>
    </ClInclude>
    <ClInclude Include="src\tws_gui\TradesPanel.h">
      <Filter>Header Files</Filter>
    </ClInclude>
    <ClInclude Include="src\tws_gui\Themes.h">
      <Filter>Header Files</Filter>
    </ClInclude>
    <ClInclude Include="src\tws_gui\HistoryPanel.h">
      <Filter>Header Files</Filter>
    </ClInclude>
    <ClInclude Include="src\tws_gui\trade.h">
      <Filter>Header Files</Filter>
    </ClInclude>
    <ClInclude Include="src\tws_gui\database.h">
      <Filter>Header Files</Filter>
    </ClInclude>
  </ItemGroup>
  <ItemGroup>
    <ResourceCompile Include="IB-Tracker.rc">
      <Filter>Resource Files</Filter>
    </ResourceCompile>
  </ItemGroup>
  <ItemGroup>
    <None Include="rcdata1.bin">
      <Filter>Resource Files</Filter>
    </None>
  </ItemGroup>
  <ItemGroup>
    <Image Include="src\tws_gui\images\gear32.png">
      <Filter>Resource Files</Filter>
    </Image>
    <Image Include="src\tws_gui\images\gearhot32.png">
      <Filter>Resource Files</Filter>
    </Image>
    <Image Include="src\tws_gui\images\logo.png">
      <Filter>Resource Files</Filter>
    </Image>
    <Image Include="src\tws_gui\images\mainicon.ico">
      <Filter>Resource Files</Filter>
    </Image>
  </ItemGroup>
</Project>